
Microsoft Visual Studio Solution File, Format Version 12.00
# Visual Studio Version 16
VisualStudioVersion = 16.0.32602.291
MinimumVisualStudioVersion = 10.0.40219.1
Project("{FAE04EC0-301F-11D3-BF4B-00C04F79EFBC}") = "BookStoreWebApplication", "BookStoreWebApplication\BookStoreWebApplication.csproj", "{3F8182A9-7395-4336-969E-19077055A08D}"
EndProject
Global
	GlobalSection(SolutionConfigurationPlatforms) = preSolution
		Debug|Any CPU = Debug|Any CPU
		Release|Any CPU = Release|Any CPU
	EndGlobalSection
	GlobalSection(ProjectConfigurationPlatforms) = postSolution
		{3F8182A9-7395-4336-969E-19077055A08D}.Debug|Any CPU.ActiveCfg = Debug|Any CPU
		{3F8182A9-7395-4336-969E-19077055A08D}.Debug|Any CPU.Build.0 = Debug|Any CPU
		{3F8182A9-7395-4336-969E-19077055A08D}.Release|Any CPU.ActiveCfg = Release|Any CPU
		{3F8182A9-7395-4336-969E-19077055A08D}.Release|Any CPU.Build.0 = Release|Any CPU
	EndGlobalSection
	GlobalSection(SolutionProperties) = preSolution
		HideSolutionNode = FALSE
	EndGlobalSection
	GlobalSection(ExtensibilityGlobals) = postSolution
		SolutionGuid = {930B1F22-4F7F-4E51-B73C-A2CF547C6789}
	EndGlobalSection
EndGlobal
